{
    "name": "com.example.hello",
    "version": "1.0.0",
    "lockfileVersion": 1,
    "requires": true,
    "dependencies": {
        "cordova-plugin-admobpro": {
            "version": "2.35.3",
            "resolved": "https://registry.npmjs.org/cordova-plugin-admobpro/-/cordova-plugin-admobpro-2.35.3.tgz",
            "integrity": "sha512-pMttdjVVmA1UH4WqvZq9U3qRqRHGTjQiPo2iOb32X6xzytCfy2sxSNtQz5lLqHhsd72jbP9XZslCzrJV3jz+wg=="
        }
    }
}
